
Microsoft Visual Studio Solution File, Format Version 12.00
# Visual Studio Version 17
VisualStudioVersion = 17.5.33516.290
MinimumVisualStudioVersion = 10.0.40219.1
Project("{FAE04EC0-301F-11D3-BF4B-00C04F79EFBC}") = "TCPServer", "TCPServer\TCPServer.csproj", "{7DCF0A5B-E88E-4C2E-8C68-2F23DA78779E}"
EndProject
Project("{FAE04EC0-301F-11D3-BF4B-00C04F79EFBC}") = "TCPClient", "TCPClient\TCPClient.csproj", "{61ED4970-DC05-4A22-A5BB-D176B75CAB6D}"
EndProject
Global
	GlobalSection(SolutionConfigurationPlatforms) = preSolution
		Debug|Any CPU = Debug|Any CPU
		Release|Any CPU = Release|Any CPU
	EndGlobalSection
	GlobalSection(ProjectConfigurationPlatforms) = postSolution
		{7DCF0A5B-E88E-4C2E-8C68-2F23DA78779E}.Debug|Any CPU.ActiveCfg = Debug|Any CPU
		{7DCF0A5B-E88E-4C2E-8C68-2F23DA78779E}.Debug|Any CPU.Build.0 = Debug|Any CPU
		{7DCF0A5B-E88E-4C2E-8C68-2F23DA78779E}.Release|Any CPU.ActiveCfg = Release|Any CPU
		{7DCF0A5B-E88E-4C2E-8C68-2F23DA78779E}.Release|Any CPU.Build.0 = Release|Any CPU
		{61ED4970-DC05-4A22-A5BB-D176B75CAB6D}.Debug|Any CPU.ActiveCfg = Debug|Any CPU
		{61ED4970-DC05-4A22-A5BB-D176B75CAB6D}.Debug|Any CPU.Build.0 = Debug|Any CPU
		{61ED4970-DC05-4A22-A5BB-D176B75CAB6D}.Release|Any CPU.ActiveCfg = Release|Any CPU
		{61ED4970-DC05-4A22-A5BB-D176B75CAB6D}.Release|Any CPU.Build.0 = Release|Any CPU
	EndGlobalSection
	GlobalSection(SolutionProperties) = preSolution
		HideSolutionNode = FALSE
	EndGlobalSection
	GlobalSection(ExtensibilityGlobals) = postSolution
		SolutionGuid = {1D5D4F14-6A74-4C92-A947-85D05270F4A3}
	EndGlobalSection
EndGlobal
